{
  "name": "discord-to-stoat",
  "version": "0.1.0",
  "lockfileVersion": 3,
  "requires": true,
  "packages": {
    "": {
      "name": "discord-to-stoat",
      "version": "0.1.0",
      "license": "MIT",
      "dependencies": {
        "stoat.js": "^7.3.6"
      }
    },
    "node_modules/@solid-primitives/map": {
      "version": "0.7.4",
      "resolved": "https://registry.npmjs.org/@solid-primitives/map/-/map-0.7.4.tgz",
      "integrity": "sha512-zHWjQpcqxiXCuHb08GXJm3KnCTXOQNGMQu07CBOwtj9qCgjNUmwm5/UG+M2txQIPCbpY9rleAoOmEaQW4iaXMQ==",
      "license": "MIT",
      "dependencies": {
        "@solid-primitives/trigger": "^1.2.4"
      },
      "peerDependencies": {
        "solid-js": "^1.6.12"
      }
    },
    "node_modules/@solid-primitives/set": {
      "version": "0.7.4",
      "resolved": "https://registry.npmjs.org/@solid-primitives/set/-/set-0.7.4.tgz",
      "integrity": "sha512-/QlGdStYqUTGfuiEFF0MdURS+25k1ayxWAEqJyt9MRrNimZP7VFs6WgkKaPBWW5t0yCrncAa/B9z24Coz9eE/w==",
      "license": "MIT",
      "dependencies": {
        "@solid-primitives/trigger": "^1.2.4"
      },
      "peerDependencies": {
        "solid-js": "^1.6.12"
      }
    },
    "node_modules/@solid-primitives/trigger": {
      "version": "1.2.4",
      "resolved": "https://registry.npmjs.org/@solid-primitives/trigger/-/trigger-1.2.4.tgz",
      "integrity": "sha512-Ju0e+ZOD7hpOp7nptJimvDSZHWFvIvF9iBWMvuwt30smX7c5wmB8Kmc0AdDuv0wOTi06PQ1J5IrP1WJbH2yUBQ==",
      "license": "MIT",
      "dependencies": {
        "@solid-primitives/utils": "^6.4.1"
      },
      "peerDependencies": {
        "solid-js": "^1.6.12"
      }
    },
    "node_modules/@solid-primitives/utils": {
      "version": "6.4.1",
      "resolved": "https://registry.npmjs.org/@solid-primitives/utils/-/utils-6.4.1.tgz",
      "integrity": "sha512-ISSB5QX1qP2ynrheIpYwc4oKR5Ny4siNuUyf1qZniy+Il+p/PtDB0QK1Dnle8noiHpwRD3gpPdubOC3qI/Zamg==",
      "license": "MIT",
      "peerDependencies": {
        "solid-js": "^1.6.12"
      }
    },
    "node_modules/@vladfrangu/async_event_emitter": {
      "version": "2.4.7",
      "resolved": "https://registry.npmjs.org/@vladfrangu/async_event_emitter/-/async_event_emitter-2.4.7.tgz",
      "integrity": "sha512-Xfe6rpCTxSxfbswi/W/Pz7zp1WWSNn4A0eW4mLkQUewCrXXtMj31lCg+iQyTkh/CkusZSq9eDflu7tjEDXUY6g==",
      "license": "MIT",
      "engines": {
        "node": ">=v14.0.0",
        "npm": ">=7.0.0"
      }
    },
    "node_modules/csstype": {
      "version": "3.2.3",
      "resolved": "https://registry.npmjs.org/csstype/-/csstype-3.2.3.tgz",
      "integrity": "sha512-z1HGKcYy2xA8AGQfwrn0PAy+PB7X/GSj3UVJW9qKyn43xWa+gl5nXmU4qqLMRzWVLFC8KusUX8T/0kCiOYpAIQ==",
      "license": "MIT"
    },
    "node_modules/json-with-bigint": {
      "version": "3.5.12",
      "resolved": "https://registry.npmjs.org/json-with-bigint/-/json-with-bigint-3.5.12.tgz",
      "integrity": "sha512-uwbF/wSSuOgC7qqlq27Xp5B6a2MHVug3t0idZdTqu0JnlFvgJuH7ju+KAk/J06C7GfhoYy2gnb9wz2INqcne7w==",
      "license": "MIT"
    },
    "node_modules/seroval": {
      "version": "1.5.6",
      "resolved": "https://registry.npmjs.org/seroval/-/seroval-1.5.6.tgz",
      "integrity": "sha512-rVQVWjjSvlINzaQPZH5JFqsqEsIWdTxY3iJZCnTL/5gQbXIRooVZKI60tVCkOVfzcRPejboxO2t0P89dg5mQaA==",
      "license": "MIT",
      "engines": {
        "node": ">=10"
      }
    },
    "node_modules/seroval-plugins": {
      "version": "1.5.6",
      "resolved": "https://registry.npmjs.org/seroval-plugins/-/seroval-plugins-1.5.6.tgz",
      "integrity": "sha512-HXuLAX2pu/UByPpaeo/TaMfvMIi+1QqIoPJYCcAtU8QkVNwgR6MPlGuCQTErV1JwraaMbYaWVIBX7mppzGLATQ==",
      "license": "MIT",
      "engines": {
        "node": ">=10"
      },
      "peerDependencies": {
        "seroval": "^1.0"
      }
    },
    "node_modules/solid-js": {
      "version": "1.9.15",
      "resolved": "https://registry.npmjs.org/solid-js/-/solid-js-1.9.15.tgz",
      "integrity": "sha512-EeiY2xfpZJqPLjXspVEKjAII4yv8NyG//NxZ3IpOFHdUNnnTyL0uJOeS9LWGvA7cFCz5y94cjFwYlmw5Luncsg==",
      "license": "MIT",
      "dependencies": {
        "csstype": "^3.1.0",
        "seroval": "~1.5.4",
        "seroval-plugins": "~1.5.4"
      }
    },
    "node_modules/stoat-api": {
      "version": "0.8.9-4",
      "resolved": "https://registry.npmjs.org/stoat-api/-/stoat-api-0.8.9-4.tgz",
      "integrity": "sha512-6N4kfE1x+j/XYVaBuvYqzbWxjgqbxSarvNjMv8GEcBaqbkiyPzUwsCj12NJsNNp4uyZmsqoUYUj2jIq018uqiA==",
      "license": "MIT",
      "dependencies": {
        "json-with-bigint": "^3.4.4"
      }
    },
    "node_modules/stoat.js": {
      "version": "7.3.6",
      "resolved": "https://registry.npmjs.org/stoat.js/-/stoat.js-7.3.6.tgz",
      "integrity": "sha512-q2+00tjuaGHVSBA5Sg8vBDp73k3yZtsfDyS8OUqYgHYT2uL8x5RZHsrViuloPwHHuKNldzQjib/VdQMISZIfOg==",
      "license": "MIT",
      "dependencies": {
        "@solid-primitives/map": "^0.7.1",
        "@solid-primitives/set": "^0.7.1",
        "@vladfrangu/async_event_emitter": "^2.4.6",
        "json-with-bigint": "^3.4.4",
        "solid-js": "^1.9.6",
        "stoat-api": "0.8.9-4",
        "ulid": "^2.4.0"
      }
    },
    "node_modules/ulid": {
      "version": "2.4.0",
      "resolved": "https://registry.npmjs.org/ulid/-/ulid-2.4.0.tgz",
      "integrity": "sha512-fIRiVTJNcSRmXKPZtGzFQv9WRrZ3M9eoptl/teFJvjOzmpU+/K/JH6HZ8deBfb5vMEpicJcLn7JmvdknlMq7Zg==",
      "license": "MIT",
      "bin": {
        "ulid": "bin/cli.js"
      }
    }
  }
}
